
Microsoft Visual Studio Solution File, Format Version 12.00
# Visual Studio Version 16
VisualStudioVersion = 16.0.31515.178
MinimumVisualStudioVersion = 10.0.40219.1
Project("{2150E333-8FDC-42A3-9474-1A3956D46DE8}") = "src", "src", "{EEA453C2-20B2-41D3-9BDA-09CA0A93B323}"
EndProject
Project("{2150E333-8FDC-42A3-9474-1A3956D46DE8}") = "Core", "Core", "{58257D2C-9318-4598-A5CF-88E2B2E6D974}"
EndProject
Project("{2150E333-8FDC-42A3-9474-1A3956D46DE8}") = "Infrastructure", "Infrastructure", "{829D8181-AF30-4F3C-9E3F-78046FCE34F8}"
EndProject
Project("{2150E333-8FDC-42A3-9474-1A3956D46DE8}") = "Shared", "Shared", "{BFC5D370-64C3-40BA-A496-161970307837}"
EndProject
Project("{2150E333-8FDC-42A3-9474-1A3956D46DE8}") = "Web", "Web", "{4E169C5F-A540-4C05-9C99-659CFB9C7333}"
EndProject
Project("{9A19103F-16F7-4668-BE54-9A1E7A4F7556}") = "Domain", "src\Core\Domain\Domain.csproj", "{4F1C8DED-7CBC-421A-937E-8C5AF38E53C3}"
EndProject
Project("{9A19103F-16F7-4668-BE54-9A1E7A4F7556}") = "Application", "src\Core\Application\Application.csproj", "{9B4F0033-1142-470E-8626-B773E4147474}"
EndProject
Project("{9A19103F-16F7-4668-BE54-9A1E7A4F7556}") = "Infrastructure.Shared", "src\Infrastructure\Infrastructure.Shared\Infrastructure.Shared.csproj", "{33898062-7E09-4C2F-B6E4-A166B7CA6688}"
EndProject
Project("{9A19103F-16F7-4668-BE54-9A1E7A4F7556}") = "Infrastructure", "src\Infrastructure\Infrastructure\Infrastructure.csproj", "{E4A4B6D7-B7AF-4D6C-80D8-7DF4AA8007F3}"
EndProject
Project("{2150E333-8FDC-42A3-9474-1A3956D46DE8}") = "Client", "Client", "{D0B3FCD3-0441-4FEE-8168-0BD394D7FEF1}"
EndProject
Project("{2150E333-8FDC-42A3-9474-1A3956D46DE8}") = "Server", "Server", "{0CA438CC-4E4B-4A31-B9B0-077F6F612E5E}"
EndProject
Project("{9A19103F-16F7-4668-BE54-9A1E7A4F7556}") = "Client.Infrastructure", "src\Web\Client\Client.Infrastructure\Client.Infrastructure.csproj", "{534CC4AD-4F66-4574-8340-19A2D184412E}"
EndProject
Project("{9A19103F-16F7-4668-BE54-9A1E7A4F7556}") = "Shared", "src\Shared\Shared.csproj", "{3415C87A-1EE6-4A13-AE45-FA7270D89072}"
EndProject
Project("{9A19103F-16F7-4668-BE54-9A1E7A4F7556}") = "Server", "src\Web\Server\Server.csproj", "{83818CB8-3571-464F-BF9A-6FC43899FDC4}"
EndProject
Project("{9A19103F-16F7-4668-BE54-9A1E7A4F7556}") = "Client", "src\Web\Client\Client\Client.csproj", "{69A3C26B-ADA8-4659-B68B-148432CD1615}"
EndProject
Project("{E53339B2-1760-4266-BCC7-CA923CBCF16C}") = "docker-compose", "docker-compose.dcproj", "{438E3C92-4827-4821-9C97-F160DDC5663D}"
EndProject
Global
	GlobalSection(SolutionConfigurationPlatforms) = preSolution
		Debug|Any CPU = Debug|Any CPU
		Release|Any CPU = Release|Any CPU
	EndGlobalSection
	GlobalSection(ProjectConfigurationPlatforms) = postSolution
		{4F1C8DED-7CBC-421A-937E-8C5AF38E53C3}.Debug|Any CPU.ActiveCfg = Debug|Any CPU
		{4F1C8DED-7CBC-421A-937E-8C5AF38E53C3}.Debug|Any CPU.Build.0 = Debug|Any CPU
		{4F1C8DED-7CBC-421A-937E-8C5AF38E53C3}.Release|Any CPU.ActiveCfg = Release|Any CPU
		{4F1C8DED-7CBC-421A-937E-8C5AF38E53C3}.Release|Any CPU.Build.0 = Release|Any CPU
		{9B4F0033-1142-470E-8626-B773E4147474}.Debug|Any CPU.ActiveCfg = Debug|Any CPU
		{9B4F0033-1142-470E-8626-B773E4147474}.Debug|Any CPU.Build.0 = Debug|Any CPU
		{9B4F0033-1142-470E-8626-B773E4147474}.Release|Any CPU.ActiveCfg = Release|Any CPU
		{9B4F0033-1142-470E-8626-B773E4147474}.Release|Any CPU.Build.0 = Release|Any CPU
		{33898062-7E09-4C2F-B6E4-A166B7CA6688}.Debug|Any CPU.ActiveCfg = Debug|Any CPU
		{33898062-7E09-4C2F-B6E4-A166B7CA6688}.Debug|Any CPU.Build.0 = Debug|Any CPU
		{33898062-7E09-4C2F-B6E4-A166B7CA6688}.Release|Any CPU.ActiveCfg = Release|Any CPU
		{33898062-7E09-4C2F-B6E4-A166B7CA6688}.Release|Any CPU.Build.0 = Release|Any CPU
		{E4A4B6D7-B7AF-4D6C-80D8-7DF4AA8007F3}.Debug|Any CPU.ActiveCfg = Debug|Any CPU
		{E4A4B6D7-B7AF-4D6C-80D8-7DF4AA8007F3}.Debug|Any CPU.Build.0 = Debug|Any CPU
		{E4A4B6D7-B7AF-4D6C-80D8-7DF4AA8007F3}.Release|Any CPU.ActiveCfg = Release|Any CPU
		{E4A4B6D7-B7AF-4D6C-80D8-7DF4AA8007F3}.Release|Any CPU.Build.0 = Release|Any CPU
		{534CC4AD-4F66-4574-8340-19A2D184412E}.Debug|Any CPU.ActiveCfg = Debug|Any CPU
		{534CC4AD-4F66-4574-8340-19A2D184412E}.Debug|Any CPU.Build.0 = Debug|Any CPU
		{534CC4AD-4F66-4574-8340-19A2D184412E}.Release|Any CPU.ActiveCfg = Release|Any CPU
		{534CC4AD-4F66-4574-8340-19A2D184412E}.Release|Any CPU.Build.0 = Release|Any CPU
		{3415C87A-1EE6-4A13-AE45-FA7270D89072}.Debug|Any CPU.ActiveCfg = Debug|Any CPU
		{3415C87A-1EE6-4A13-AE45-FA7270D89072}.Debug|Any CPU.Build.0 = Debug|Any CPU
		{3415C87A-1EE6-4A13-AE45-FA7270D89072}.Release|Any CPU.ActiveCfg = Release|Any CPU
		{3415C87A-1EE6-4A13-AE45-FA7270D89072}.Release|Any CPU.Build.0 = Release|Any CPU
		{83818CB8-3571-464F-BF9A-6FC43899FDC4}.Debug|Any CPU.ActiveCfg = Debug|Any CPU
		{83818CB8-3571-464F-BF9A-6FC43899FDC4}.Debug|Any CPU.Build.0 = Debug|Any CPU
		{83818CB8-3571-464F-BF9A-6FC43899FDC4}.Release|Any CPU.ActiveCfg = Release|Any CPU
		{83818CB8-3571-464F-BF9A-6FC43899FDC4}.Release|Any CPU.Build.0 = Release|Any CPU
		{69A3C26B-ADA8-4659-B68B-148432CD1615}.Debug|Any CPU.ActiveCfg = Debug|Any CPU
		{69A3C26B-ADA8-4659-B68B-148432CD1615}.Debug|Any CPU.Build.0 = Debug|Any CPU
		{69A3C26B-ADA8-4659-B68B-148432CD1615}.Release|Any CPU.ActiveCfg = Release|Any CPU
		{69A3C26B-ADA8-4659-B68B-148432CD1615}.Release|Any CPU.Build.0 = Release|Any CPU
		{438E3C92-4827-4821-9C97-F160DDC5663D}.Debug|Any CPU.ActiveCfg = Debug|Any CPU
		{438E3C92-4827-4821-9C97-F160DDC5663D}.Debug|Any CPU.Build.0 = Debug|Any CPU
		{438E3C92-4827-4821-9C97-F160DDC5663D}.Release|Any CPU.ActiveCfg = Release|Any CPU
		{438E3C92-4827-4821-9C97-F160DDC5663D}.Release|Any CPU.Build.0 = Release|Any CPU
	EndGlobalSection
	GlobalSection(SolutionProperties) = preSolution
		HideSolutionNode = FALSE
	EndGlobalSection
	GlobalSection(NestedProjects) = preSolution
		{58257D2C-9318-4598-A5CF-88E2B2E6D974} = {EEA453C2-20B2-41D3-9BDA-09CA0A93B323}
		{829D8181-AF30-4F3C-9E3F-78046FCE34F8} = {EEA453C2-20B2-41D3-9BDA-09CA0A93B323}
		{BFC5D370-64C3-40BA-A496-161970307837} = {EEA453C2-20B2-41D3-9BDA-09CA0A93B323}
		{4E169C5F-A540-4C05-9C99-659CFB9C7333} = {EEA453C2-20B2-41D3-9BDA-09CA0A93B323}
		{4F1C8DED-7CBC-421A-937E-8C5AF38E53C3} = {58257D2C-9318-4598-A5CF-88E2B2E6D974}
		{9B4F0033-1142-470E-8626-B773E4147474} = {58257D2C-9318-4598-A5CF-88E2B2E6D974}
		{33898062-7E09-4C2F-B6E4-A166B7CA6688} = {829D8181-AF30-4F3C-9E3F-78046FCE34F8}
		{E4A4B6D7-B7AF-4D6C-80D8-7DF4AA8007F3} = {829D8181-AF30-4F3C-9E3F-78046FCE34F8}
		{D0B3FCD3-0441-4FEE-8168-0BD394D7FEF1} = {4E169C5F-A540-4C05-9C99-659CFB9C7333}
		{0CA438CC-4E4B-4A31-B9B0-077F6F612E5E} = {4E169C5F-A540-4C05-9C99-659CFB9C7333}
		{534CC4AD-4F66-4574-8340-19A2D184412E} = {D0B3FCD3-0441-4FEE-8168-0BD394D7FEF1}
		{3415C87A-1EE6-4A13-AE45-FA7270D89072} = {BFC5D370-64C3-40BA-A496-161970307837}
		{83818CB8-3571-464F-BF9A-6FC43899FDC4} = {0CA438CC-4E4B-4A31-B9B0-077F6F612E5E}
		{69A3C26B-ADA8-4659-B68B-148432CD1615} = {D0B3FCD3-0441-4FEE-8168-0BD394D7FEF1}
	EndGlobalSection
	GlobalSection(ExtensibilityGlobals) = postSolution
		SolutionGuid = {C8A6D085-38DA-4D2E-ABDD-8639191929A2}
	EndGlobalSection
EndGlobal
